{
  "name": "guard-my-design-system",
  "version": "2.2.0",
  "lockfileVersion": 3,
  "requires": true,
  "packages": {
    "": {
      "name": "guard-my-design-system",
      "version": "2.2.0",
      "license": "MIT",
      "dependencies": {
        "roast-my-design-system": "9.2.1"
      },
      "bin": {
        "guard-my-design-system": "index.mjs"
      },
      "engines": {
        "node": ">=18"
      }
    },
    "node_modules/roast-my-design-system": {
      "version": "9.2.1",
      "resolved": "https://registry.npmjs.org/roast-my-design-system/-/roast-my-design-system-9.2.1.tgz",
      "integrity": "sha512-KTC0ELICw3ycpDGqQX+UI+1wCjzDKprAXWZtUM6/xU7d0UU+W3baYhsyHJ9RuUz01HxvVNIcsaUrCihXyGbDqQ==",
      "license": "MIT",
      "bin": {
        "roast-my-design-system": "cli/roast.mjs"
      },
      "engines": {
        "node": ">=18"
      }
    }
  }
}
