{
  "name": "guard-my-design-system",
  "version": "2.3.0",
  "lockfileVersion": 3,
  "requires": true,
  "packages": {
    "": {
      "name": "guard-my-design-system",
      "version": "2.3.0",
      "license": "MIT",
      "dependencies": {
        "roast-my-design-system": "9.2.3"
      },
      "bin": {
        "guard-my-design-system": "index.mjs"
      },
      "engines": {
        "node": ">=18"
      }
    },
    "node_modules/roast-my-design-system": {
      "version": "9.2.3",
      "resolved": "https://registry.npmjs.org/roast-my-design-system/-/roast-my-design-system-9.2.3.tgz",
      "integrity": "sha512-AbCLGegs1A0lNHMxmjaoh9gGQbxOmHrNjCKSGJrvWx8p6/gT8X+Xo4pNy7HZs2OzOyBN85sLghnCzGK5UoZI5A==",
      "license": "MIT",
      "bin": {
        "roast-my-design-system": "cli/roast.mjs"
      },
      "engines": {
        "node": ">=18"
      }
    }
  }
}
