{
  "name": "guard-my-design-system",
  "version": "2.3.1",
  "lockfileVersion": 3,
  "requires": true,
  "packages": {
    "": {
      "name": "guard-my-design-system",
      "version": "2.3.1",
      "license": "MIT",
      "dependencies": {
        "roast-my-design-system": "9.2.5"
      },
      "bin": {
        "guard-my-design-system": "index.mjs"
      },
      "engines": {
        "node": ">=18"
      }
    },
    "node_modules/roast-my-design-system": {
      "version": "9.2.5",
      "resolved": "https://registry.npmjs.org/roast-my-design-system/-/roast-my-design-system-9.2.5.tgz",
      "integrity": "sha512-5NlBUT9dmqqspB2lFp9nfVaFSCJ6MHUNfDBGXOzqSYDaFMoBNKdQjfCNa2nh7AS8YUf2VUbWpGzJcrH5cRtDsw==",
      "license": "MIT",
      "bin": {
        "roast-my-design-system": "cli/roast.mjs"
      },
      "engines": {
        "node": ">=18"
      }
    }
  }
}
